{
  "format_version": "1",
  "unsupported_providers": [],
  "entries": [
    {
      "name": "azure",
      "version": "0.1.0",
      "digest": "sha256:0be11f601f65c7bb7cea9672309b170963733ba4b7ae72d1a17371d9c722cd65",
      "semantic_digest": "sha256:ea48b6a5a64345c4c9dca4fe6ac15cb8da3983e89c679ae0d894238687425114",
      "presentation_digest": "sha256:d371151afc2e502c5cfdfe4a57ae2fbd52221838e69f26089f21dce3bff0fdf9"
    },
    {
      "name": "core",
      "version": "0.1.0",
      "digest": "sha256:64a0ffe85a143eca51f1425a9af19207e3201e5df9a4d65346ea0c8635587643",
      "semantic_digest": "sha256:a93f2c9cba7974c504d7513c7b9a009b94eaaa71950aa3fdac7c7d4da6f50275",
      "presentation_digest": "sha256:6250b078276b44c2db9361c26c6c92351d26f49de7ac6daf22c9859cd2f962c8"
    },
    {
      "name": "kubernetes",
      "version": "0.1.0",
      "digest": "sha256:828907e6c2d32b61fa60a31538a6af035c019c53128d27e69bdead70a668baaf",
      "semantic_digest": "sha256:f0ee8d1c0f0c3946f8b1a20452a17d4edcee73364a84f7900843b84bef5b6259",
      "presentation_digest": "sha256:d1ce9b767e71c58abc5d69aaa1d9e52ebf6e1d86edc60d2e8eeb23b6fb7edc6e"
    }
  ]
}
