{
  "format_version": "1",
  "unsupported_providers": [],
  "entries": [
    {
      "name": "azure",
      "version": "0.1.0",
      "digest": "sha256:ac7927cfbce14a56be48b468813b28ace558b11631e73254c899d355fa438310",
      "semantic_digest": "sha256:1ee684adf21d33a85087aebf214e6b626ec5a7b11b30835325ae8257e98d38b6",
      "presentation_digest": "sha256:c21fb4b95d41b120be5a8c363e6769e43b499c49631b0a35798d57f1bbc58b5e"
    },
    {
      "name": "core",
      "version": "0.1.0",
      "digest": "sha256:64a0ffe85a143eca51f1425a9af19207e3201e5df9a4d65346ea0c8635587643",
      "semantic_digest": "sha256:a93f2c9cba7974c504d7513c7b9a009b94eaaa71950aa3fdac7c7d4da6f50275",
      "presentation_digest": "sha256:6250b078276b44c2db9361c26c6c92351d26f49de7ac6daf22c9859cd2f962c8"
    }
  ]
}
