{
  "format_version": "1",
  "sources": [
    {
      "kind": "index",
      "reference": "ghcr.io/rootform-dev/dialects:official-index-v1",
      "manifest_digest": "sha256:5ea68114c9b525afd27645b008771237d9b546bd7ea929e59931c41d1895ce10"
    }
  ],
  "unsupported_providers": [],
  "entries": [
    {
      "name": "core",
      "version": "0.1.0",
      "digest": "sha256:532a7d2ebff484592cfb673c9824d54597242ae9a965f8f920e548000757d902",
      "semantic_digest": "sha256:3e4c44d79c444172c817c4c6fca07d74052bed59e09fb9ccc02bd3c6354dee6e",
      "presentation_digest": "sha256:6250b078276b44c2db9361c26c6c92351d26f49de7ac6daf22c9859cd2f962c8",
      "artifact": {
        "repository": "ghcr.io/rootform-dev/dialects",
        "manifest_digest": "sha256:874779a88c900c58d5dba654a7501180d68063ae39d8d1e85cae11d426a9d495",
        "layer_digest": "sha256:89f57cbb6b236421ba7431cb39877ee0987266c14eadfdccb8fef057306a217a",
        "download_size": 9108,
        "install_size": 25164
      },
      "origins": [
        "ghcr.io/rootform-dev/dialects:official-index-v1"
      ]
    },
    {
      "name": "google",
      "version": "0.1.0",
      "digest": "sha256:adb746d3b54f6fc4c12c9acedb140752530d1a660e530b70548faa319fc00b0b",
      "semantic_digest": "sha256:c0e755e574192d3e136a8dbc7c133c9bc6a2462af65f0f8fded4270c80b8f29d",
      "presentation_digest": "sha256:caf31531224f2f5c63548c94733b2a32059ffef1604c22f10012b6990bcb944e",
      "artifact": {
        "repository": "ghcr.io/rootform-dev/dialects",
        "manifest_digest": "sha256:7c7d3d192c4c758db403b5443c3692a2bae776a6b170a401aeb61cd37bed97d6",
        "layer_digest": "sha256:b407accaf9c3578a3b4b454f536cdd9d32438924ccea5dbb2ab3651786073079",
        "download_size": 31026,
        "install_size": 142732
      },
      "origins": [
        "ghcr.io/rootform-dev/dialects:official-index-v1"
      ]
    }
  ]
}
