{
  "format_version": "1",
  "sources": [
    {
      "kind": "index",
      "reference": "ghcr.io/rootform-dev/dialects:official-index-v1",
      "manifest_digest": "sha256:03503b4e8e083300984555e01b5a404a50699e99c16a1b69095a842f0e7f28ad"
    }
  ],
  "unsupported_providers": [],
  "entries": [
    {
      "name": "core",
      "version": "0.1.0",
      "digest": "sha256:64a0ffe85a143eca51f1425a9af19207e3201e5df9a4d65346ea0c8635587643",
      "semantic_digest": "sha256:a93f2c9cba7974c504d7513c7b9a009b94eaaa71950aa3fdac7c7d4da6f50275",
      "presentation_digest": "sha256:6250b078276b44c2db9361c26c6c92351d26f49de7ac6daf22c9859cd2f962c8",
      "artifact": {
        "repository": "ghcr.io/rootform-dev/dialects",
        "manifest_digest": "sha256:d9c71505434d28146b90679d38e44911bc3fa41d4fcfacb1a1ee730828bc95f6",
        "layer_digest": "sha256:3f6ce36086679d906502f80f162cbd8a3430c174d6ec26c053d7932aa822cb1a",
        "download_size": 9092,
        "install_size": 25129
      },
      "origins": [
        "ghcr.io/rootform-dev/dialects:official-index-v1"
      ]
    },
    {
      "name": "google",
      "version": "0.1.0",
      "digest": "sha256:adb746d3b54f6fc4c12c9acedb140752530d1a660e530b70548faa319fc00b0b",
      "semantic_digest": "sha256:c0e755e574192d3e136a8dbc7c133c9bc6a2462af65f0f8fded4270c80b8f29d",
      "presentation_digest": "sha256:caf31531224f2f5c63548c94733b2a32059ffef1604c22f10012b6990bcb944e",
      "artifact": {
        "repository": "ghcr.io/rootform-dev/dialects",
        "manifest_digest": "sha256:c9b1d2477c9af583e6b6691d0d9612d51df7e9f117fcf880fac2cbe5196e759d",
        "layer_digest": "sha256:b407accaf9c3578a3b4b454f536cdd9d32438924ccea5dbb2ab3651786073079",
        "download_size": 31026,
        "install_size": 142732
      },
      "origins": [
        "ghcr.io/rootform-dev/dialects:official-index-v1"
      ]
    },
    {
      "name": "kubernetes",
      "version": "0.1.0",
      "digest": "sha256:828907e6c2d32b61fa60a31538a6af035c019c53128d27e69bdead70a668baaf",
      "semantic_digest": "sha256:f0ee8d1c0f0c3946f8b1a20452a17d4edcee73364a84f7900843b84bef5b6259",
      "presentation_digest": "sha256:d1ce9b767e71c58abc5d69aaa1d9e52ebf6e1d86edc60d2e8eeb23b6fb7edc6e",
      "artifact": {
        "repository": "ghcr.io/rootform-dev/dialects",
        "manifest_digest": "sha256:9a387f1cb98d435c11bb336114692153d9cbc708a08388258032c77e440b7b55",
        "layer_digest": "sha256:8c5aa94777ea283079084b868c6c284f11e2aabc8a9881134c415ebcec1902c5",
        "download_size": 7192,
        "install_size": 23834
      },
      "origins": [
        "ghcr.io/rootform-dev/dialects:official-index-v1"
      ]
    }
  ]
}
