{
  "format_version": "1",
  "sources": [
    {
      "kind": "index",
      "reference": "ghcr.io/rootform-dev/dialects:official-index-v1",
      "manifest_digest": "sha256:03503b4e8e083300984555e01b5a404a50699e99c16a1b69095a842f0e7f28ad"
    }
  ],
  "unsupported_providers": [],
  "entries": [
    {
      "name": "azure",
      "version": "0.1.0",
      "digest": "sha256:ab7e1e84f4e8320fb4cddd35d5c9b279e1200fe6cbca2f83bf384ce446dc3569",
      "semantic_digest": "sha256:f12e5edf8e3c3ee2dbfab9cabea3eba1bfc1b11658e06e7dc73a4799695d6afb",
      "presentation_digest": "sha256:a24a0a650490cfbcd4a319c22fdf891a567786a6ac728086f864b20bbb0615dc",
      "artifact": {
        "repository": "ghcr.io/rootform-dev/dialects",
        "manifest_digest": "sha256:1bf26a1ec5c974228bc8deb1da0acc1b135dd3d40b99e4a4df660e3e7b192774",
        "layer_digest": "sha256:27307671476fe28f80c6a3a70103f331c5a34e5ac0ba37258027cdfb77b0658e",
        "download_size": 36672,
        "install_size": 193677
      },
      "origins": [
        "ghcr.io/rootform-dev/dialects:official-index-v1"
      ]
    },
    {
      "name": "core",
      "version": "0.1.0",
      "digest": "sha256:64a0ffe85a143eca51f1425a9af19207e3201e5df9a4d65346ea0c8635587643",
      "semantic_digest": "sha256:a93f2c9cba7974c504d7513c7b9a009b94eaaa71950aa3fdac7c7d4da6f50275",
      "presentation_digest": "sha256:6250b078276b44c2db9361c26c6c92351d26f49de7ac6daf22c9859cd2f962c8",
      "artifact": {
        "repository": "ghcr.io/rootform-dev/dialects",
        "manifest_digest": "sha256:d9c71505434d28146b90679d38e44911bc3fa41d4fcfacb1a1ee730828bc95f6",
        "layer_digest": "sha256:3f6ce36086679d906502f80f162cbd8a3430c174d6ec26c053d7932aa822cb1a",
        "download_size": 9092,
        "install_size": 25129
      },
      "origins": [
        "ghcr.io/rootform-dev/dialects:official-index-v1"
      ]
    }
  ]
}
