{
  "format_version": "1",
  "unsupported_providers": [],
  "entries": [
    {
      "name": "azure",
      "version": "0.1.0",
      "digest": "sha256:36d37a4f9d263249225dac3e9226492391ea1330b16f9a6b07e567368d39d64d",
      "presentation_digest": "sha256:d371151afc2e502c5cfdfe4a57ae2fbd52221838e69f26089f21dce3bff0fdf9"
    },
    {
      "name": "core",
      "version": "0.1.0",
      "digest": "sha256:af5a6b57e85bc5026b356542cf4950ccac62c2770f7d1a5f6b0272eef642a11d",
      "presentation_digest": "sha256:6250b078276b44c2db9361c26c6c92351d26f49de7ac6daf22c9859cd2f962c8"
    },
    {
      "name": "kubernetes",
      "version": "0.1.0",
      "digest": "sha256:9cf31ad295fd663f5ef98d17cf45a366f183d30c8b7cec7f8048e672334b5454",
      "presentation_digest": "sha256:d1ce9b767e71c58abc5d69aaa1d9e52ebf6e1d86edc60d2e8eeb23b6fb7edc6e"
    }
  ]
}
