{
  "format_version": "1",
  "sources": [
    {
      "kind": "index",
      "reference": "ghcr.io/rootform-dev/dialects:official-index-v1",
      "manifest_digest": "sha256:5ca7b45ec6a516b4e281a330ba5d3bfd926be92085c0346a0c1d06dcb639e48f"
    }
  ],
  "unsupported_providers": [],
  "entries": [
    {
      "name": "aws",
      "version": "0.1.0",
      "digest": "sha256:a9a933583b78efeac78a1dcf00fac2059b39a24ca2e4cf133577f08fe817d6be",
      "semantic_digest": "sha256:79ee8aa14aebcbdb1106c124e5babf2044ab372a4ba25e5ae0ad86332f4e4713",
      "presentation_digest": "sha256:e4a6b82007a46f8161e03020021cbeaaa032f3645effde63d616a9fab8b8adc1",
      "artifact": {
        "repository": "ghcr.io/rootform-dev/dialects",
        "manifest_digest": "sha256:7cb7e5319083d19c3c3b84a22f54e1f7401ad9bf9f68f9343d4f8b8e63409187",
        "layer_digest": "sha256:f77799d924c82a5840a426690ac374987a2cc853e08ec21cf473ce621631d5d2",
        "download_size": 39157,
        "install_size": 193843
      },
      "origins": [
        "ghcr.io/rootform-dev/dialects:official-index-v1"
      ]
    },
    {
      "name": "core",
      "version": "0.1.0",
      "digest": "sha256:64a0ffe85a143eca51f1425a9af19207e3201e5df9a4d65346ea0c8635587643",
      "semantic_digest": "sha256:a93f2c9cba7974c504d7513c7b9a009b94eaaa71950aa3fdac7c7d4da6f50275",
      "presentation_digest": "sha256:6250b078276b44c2db9361c26c6c92351d26f49de7ac6daf22c9859cd2f962c8",
      "artifact": {
        "repository": "ghcr.io/rootform-dev/dialects",
        "manifest_digest": "sha256:aaa5806e303698f7a30a5b941a72a85d28b0a320ae0b14ff40a3ef92d320dced",
        "layer_digest": "sha256:3f6ce36086679d906502f80f162cbd8a3430c174d6ec26c053d7932aa822cb1a",
        "download_size": 9092,
        "install_size": 25129
      },
      "origins": [
        "ghcr.io/rootform-dev/dialects:official-index-v1"
      ]
    }
  ]
}
